// !$*UTF8*$!
{
	archiveVersion = 1;
	classes = {
	};
	objectVersion = 50;
	objects = {

/* Begin PBXBuildFile section */
		6B2BBF94211AC0A4002553BD /* AppDelegate.m in Sources */ = {isa = PBXBuildFile; fileRef = 6B2BBF93211AC0A4002553BD /* AppDelegate.m */; };
		6B2BBF97211AC0A4002553BD /* BNRHypnosisViewController.m in Sources */ = {isa = PBXBuildFile; fileRef = 6B2BBF96211AC0A4002553BD /* BNRHypnosisViewController.m */; };
		6B2BBF9A211AC0A4002553BD /* Main.storyboard in Resources */ = {isa = PBXBuildFile; fileRef = 6B2BBF98211AC0A4002553BD /* Main.storyboard */; };
		6B2BBF9C211AC0A6002553BD /* Assets.xcassets in Resources */ = {isa = PBXBuildFile; fileRef = 6B2BBF9B211AC0A6002553BD /* Assets.xcassets */; };
		6B2BBF9F211AC0A6002553BD /* LaunchScreen.storyboard in Resources */ = {isa = PBXBuildFile; fileRef = 6B2BBF9D211AC0A6002553BD /* LaunchScreen.storyboard */; };
		6B2BBFA2211AC0A6002553BD /* main.m in Sources */ = {isa = PBXBuildFile; fileRef = 6B2BBFA1211AC0A6002553BD /* main.m */; };
		6B2BBFAA211AC0FB002553BD /* BNRHypnosisView.m in Sources */ = {isa = PBXBuildFile; fileRef = 6B2BBFA9211AC0FB002553BD /* BNRHypnosisView.m */; };
		6B2BBFAD211AD3B2002553BD /* BNRReminderViewController.m in Sources */ = {isa = PBXBuildFile; fileRef = 6B2BBFAC211AD3B2002553BD /* BNRReminderViewController.m */; };
		6B2BBFAF211AD59A002553BD /* BNRReminderViewController.xib in Resources */ = {isa = PBXBuildFile; fileRef = 6B2BBFAE211AD59A002553BD /* BNRReminderViewController.xib */; };
/* End PBXBuildFile section */

/* Begin PBXFileReference section */
		6B2BBF8F211AC0A4002553BD /* HypnoNerd.app */ = {isa = PBXFileReference; explicitFileType = wrapper.application; includeInIndex = 0; path = HypnoNerd.app; sourceTree = BUILT_PRODUCTS_DIR; };
		6B2BBF92211AC0A4002553BD /* AppDelegate.h */ = {isa = PBXFileReference; lastKnownFileType = sourcecode.c.h; path = AppDelegate.h; sourceTree = "<group>"; };
		6B2BBF93211AC0A4002553BD /* AppDelegate.m */ = {isa = PBXFileReference; lastKnownFileType = sourcecode.c.objc; path = AppDelegate.m; sourceTree = "<group>"; };
		6B2BBF95211AC0A4002553BD /* BNRHypnosisViewController.h */ = {isa = PBXFileReference; lastKnownFileType = sourcecode.c.h; path = BNRHypnosisViewController.h; sourceTree = "<group>"; };
		6B2BBF96211AC0A4002553BD /* BNRHypnosisViewController.m */ = {isa = PBXFileReference; lastKnownFileType = sourcecode.c.objc; path = BNRHypnosisViewController.m; sourceTree = "<group>"; };
		6B2BBF99211AC0A4002553BD /* Base */ = {isa = PBXFileReference; lastKnownFileType = file.storyboard; name = Base; path = Base.lproj/Main.storyboard; sourceTree = "<group>"; };
		6B2BBF9B211AC0A6002553BD /* Assets.xcassets */ = {isa = PBXFileReference; lastKnownFileType = folder.assetcatalog; path = Assets.xcassets; sourceTree = "<group>"; };
		6B2BBF9E211AC0A6002553BD /* Base */ = {isa = PBXFileReference; lastKnownFileType = file.storyboard; name = Base; path = Base.lproj/LaunchScreen.storyboard; sourceTree = "<group>"; };
		6B2BBFA0211AC0A6002553BD /* Info.plist */ = {isa = PBXFileReference; lastKnownFileType = text.plist.xml; path = Info.plist; sourceTree = "<group>"; };
		6B2BBFA1211AC0A6002553BD /* main.m */ = {isa = PBXFileReference; lastKnownFileType = sourcecode.c.objc; path = main.m; sourceTree = "<group>"; };
		6B2BBFA8211AC0FB002553BD /* BNRHypnosisView.h */ = {isa = PBXFileReference; fileEncoding = 4; lastKnownFileType = sourcecode.c.h; name = BNRHypnosisView.h; path = ../../Hypnositer/Hypnositer/BNRHypnosisView.h; sourceTree = "<group>"; };
		6B2BBFA9211AC0FB002553BD /* BNRHypnosisView.m */ = {isa = PBXFileReference; fileEncoding = 4; lastKnownFileType = sourcecode.c.objc; name = BNRHypnosisView.m; path = ../../Hypnositer/Hypnositer/BNRHypnosisView.m; sourceTree = "<group>"; };
		6B2BBFAB211AD3B2002553BD /* BNRReminderViewController.h */ = {isa = PBXFileReference; lastKnownFileType = sourcecode.c.h; path = BNRReminderViewController.h; sourceTree = "<group>"; };
		6B2BBFAC211AD3B2002553BD /* BNRReminderViewController.m */ = {isa = PBXFileReference; lastKnownFileType = sourcecode.c.objc; path = BNRReminderViewController.m; sourceTree = "<group>"; };
		6B2BBFAE211AD59A002553BD /* BNRReminderViewController.xib */ = {isa = PBXFileReference; lastKnownFileType = file.xib; path = BNRReminderViewController.xib; sourceTree = "<group>"; };
/* End PBXFileReference section */

/* Begin PBXFrameworksBuildPhase section */
		6B2BBF8C211AC0A4002553BD /* Frameworks */ = {
			isa = PBXFrameworksBuildPhase;
			buildActionMask = 2147483647;
			files = (
			);
			runOnlyForDeploymentPostprocessing = 0;
		};
/* End PBXFrameworksBuildPhase section */

/* Begin PBXGroup section */
		6B2BBF86211AC0A4002553BD = {
			isa = PBXGroup;
			children = (
				6B2BBF91211AC0A4002553BD /* HypnoNerd */,
				6B2BBF90211AC0A4002553BD /* Products */,
			);
			sourceTree = "<group>";
		};
		6B2BBF90211AC0A4002553BD /* Products */ = {
			isa = PBXGroup;
			children = (
				6B2BBF8F211AC0A4002553BD /* HypnoNerd.app */,
			);
			name = Products;
			sourceTree = "<group>";
		};
		6B2BBF91211AC0A4002553BD /* HypnoNerd */ = {
			isa = PBXGroup;
			children = (
				6B2BBFAB211AD3B2002553BD /* BNRReminderViewController.h */,
				6B2BBFAE211AD59A002553BD /* BNRReminderViewController.xib */,
				6B2BBFAC211AD3B2002553BD /* BNRReminderViewController.m */,
				6B2BBF92211AC0A4002553BD /* AppDelegate.h */,
				6B2BBF93211AC0A4002553BD /* AppDelegate.m */,
				6B2BBF95211AC0A4002553BD /* BNRHypnosisViewController.h */,
				6B2BBF96211AC0A4002553BD /* BNRHypnosisViewController.m */,
				6B2BBFA8211AC0FB002553BD /* BNRHypnosisView.h */,
				6B2BBFA9211AC0FB002553BD /* BNRHypnosisView.m */,
				6B2BBF98211AC0A4002553BD /* Main.storyboard */,
				6B2BBF9B211AC0A6002553BD /* Assets.xcassets */,
				6B2BBF9D211AC0A6002553BD /* LaunchScreen.storyboard */,
				6B2BBFA0211AC0A6002553BD /* Info.plist */,
				6B2BBFA1211AC0A6002553BD /* main.m */,
			);
			path = HypnoNerd;
			sourceTree = "<group>";
		};
/* End PBXGroup section */

/* Begin PBXNativeTarget section */
		6B2BBF8E211AC0A4002553BD /* HypnoNerd */ = {
			isa = PBXNativeTarget;
			buildConfigurationList = 6B2BBFA5211AC0A6002553BD /* Build configuration list for PBXNativeTarget "HypnoNerd" */;
			buildPhases = (
				6B2BBF8B211AC0A4002553BD /* Sources */,
				6B2BBF8C211AC0A4002553BD /* Frameworks */,
				6B2BBF8D211AC0A4002553BD /* Resources */,
			);
			buildRules = (
			);
			dependencies = (
			);
			name = HypnoNerd;
			productName = HypnoNerd;
			productReference = 6B2BBF8F211AC0A4002553BD /* HypnoNerd.app */;
			productType = "com.apple.product-type.application";
		};
/* End PBXNativeTarget section */

/* Begin PBXProject section */
		6B2BBF87211AC0A4002553BD /* Project object */ = {
			isa = PBXProject;
			attributes = {
				LastUpgradeCheck = 0940;
				ORGANIZATIONNAME = "김지섭";
				TargetAttributes = {
					6B2BBF8E211AC0A4002553BD = {
						CreatedOnToolsVersion = 9.4.1;
					};
				};
			};
			buildConfigurationList = 6B2BBF8A211AC0A4002553BD /* Build configuration list for PBXProject "HypnoNerd" */;
			compatibilityVersion = "Xcode 9.3";
			developmentRegion = en;
			hasScannedForEncodings = 0;
			knownRegions = (
				en,
				Base,
			);
			mainGroup = 6B2BBF86211AC0A4002553BD;
			productRefGroup = 6B2BBF90211AC0A4002553BD /* Products */;
			projectDirPath = "";
			projectRoot = "";
			targets = (
				6B2BBF8E211AC0A4002553BD /* HypnoNerd */,
			);
		};
/* End PBXProject section */

/* Begin PBXResourcesBuildPhase section */
		6B2BBF8D211AC0A4002553BD /* Resources */ = {
			isa = PBXResourcesBuildPhase;
			buildActionMask = 2147483647;
			files = (
				6B2BBF9F211AC0A6002553BD /* LaunchScreen.storyboard in Resources */,
				6B2BBFAF211AD59A002553BD /* BNRReminderViewController.xib in Resources */,
				6B2BBF9C211AC0A6002553BD /* Assets.xcassets in Resources */,
				6B2BBF9A211AC0A4002553BD /* Main.storyboard in Resources */,
			);
			runOnlyForDeploymentPostprocessing = 0;
		};
/* End PBXResourcesBuildPhase section */

/* Begin PBXSourcesBuildPhase section */
		6B2BBF8B211AC0A4002553BD /* Sources */ = {
			isa = PBXSourcesBuildPhase;
			buildActionMask = 2147483647;
			files = (
				6B2BBF97211AC0A4002553BD /* BNRHypnosisViewController.m in Sources */,
				6B2BBFA2211AC0A6002553BD /* main.m in Sources */,
				6B2BBFAA211AC0FB002553BD /* BNRHypnosisView.m in Sources */,
				6B2BBFAD211AD3B2002553BD /* BNRReminderViewController.m in Sources */,
				6B2BBF94211AC0A4002553BD /* AppDelegate.m in Sources */,
			);
			runOnlyForDeploymentPostprocessing = 0;
		};
/* End PBXSourcesBuildPhase section */

/* Begin PBXVariantGroup section */
		6B2BBF98211AC0A4002553BD /* Main.storyboard */ = {
			isa = PBXVariantGroup;
			children = (
				6B2BBF99211AC0A4002553BD /* Base */,
			);
			name = Main.storyboard;
			sourceTree = "<group>";
		};
		6B2BBF9D211AC0A6002553BD /* LaunchScreen.storyboard */ = {
			isa = PBXVariantGroup;
			children = (
				6B2BBF9E211AC0A6002553BD /* Base */,
			);
			name = LaunchScreen.storyboard;
			sourceTree = "<group>";
		};
/* End PBXVariantGroup section */

/* Begin XCBuildConfiguration section */
		6B2BBFA3211AC0A6002553BD /* Debug */ = {
			isa = XCBuildConfiguration;
			buildSettings = {
				ALWAYS_SEARCH_USER_PATHS = NO;
				CLANG_ANALYZER_NONNULL = YES;
				CLANG_ANALYZER_NUMBER_OBJECT_CONVERSION = YES_AGGRESSIVE;
				CLANG_CXX_LANGUAGE_STANDARD = "gnu++14";
				CLANG_CXX_LIBRARY = "libc++";
				CLANG_ENABLE_MODULES = YES;
				CLANG_ENABLE_OBJC_ARC = YES;
				CLANG_ENABLE_OBJC_WEAK = YES;
				CLANG_WARN_BLOCK_CAPTURE_AUTORELEASING = YES;
				CLANG_WARN_BOOL_CONVERSION = YES;
				CLANG_WARN_COMMA = YES;
				CLANG_WARN_CONSTANT_CONVERSION = YES;
				CLANG_WARN_DEPRECATED_OBJC_IMPLEMENTATIONS = YES;
				CLANG_WARN_DIRECT_OBJC_ISA_USAGE = YES_ERROR;
				CLANG_WARN_DOCUMENTATION_COMMENTS = YES;
				CLANG_WARN_EMPTY_BODY = YES;
				CLANG_WARN_ENUM_CONVERSION = YES;
				CLANG_WARN_INFINITE_RECURSION = YES;
				CLANG_WARN_INT_CONVERSION = YES;
				CLANG_WARN_NON_LITERAL_NULL_CONVERSION = YES;
				CLANG_WARN_OBJC_IMPLICIT_RETAIN_SELF = YES;
				CLANG_WARN_OBJC_LITERAL_CONVERSION = YES;
				CLANG_WARN_OBJC_ROOT_CLASS = YES_ERROR;
				CLANG_WARN_RANGE_LOOP_ANALYSIS = YES;
				CLANG_WARN_STRICT_PROTOTYPES = YES;
				CLANG_WARN_SUSPICIOUS_MOVE = YES;
				CLANG_WARN_UNGUARDED_AVAILABILITY = YES_AGGRESSIVE;
				CLANG_WARN_UNREACHABLE_CODE = YES;
				CLANG_WARN__DUPLICATE_METHOD_MATCH = YES;
				CODE_SIGN_IDENTITY = "iPhone Developer";
				COPY_PHASE_STRIP = NO;
				DEBUG_INFORMATION_FORMAT = dwarf;
				ENABLE_STRICT_OBJC_MSGSEND = YES;
				ENABLE_TESTABILITY = YES;
				GCC_C_LANGUAGE_STANDARD = gnu11;
				GCC_DYNAMIC_NO_PIC = NO;
				GCC_NO_COMMON_BLOCKS = YES;
				GCC_OPTIMIZATION_LEVEL = 0;
				GCC_PREPROCESSOR_DEFINITIONS = (
					"DEBUG=1",
					"$(inherited)",
				);
				GCC_WARN_64_TO_32_BIT_CONVERSION = YES;
				GCC_WARN_ABOUT_RETURN_TYPE = YES_ERROR;
				GCC_WARN_UNDECLARED_SELECTOR = YES;
				GCC_WARN_UNINITIALIZED_AUTOS = YES_AGGRESSIVE;
				GCC_WARN_UNUSED_FUNCTION = YES;
				GCC_WARN_UNUSED_VARIABLE = YES;
				IPHONEOS_DEPLOYMENT_TARGET = 11.4;
				MTL_ENABLE_DEBUG_INFO = YES;
				ONLY_ACTIVE_ARCH = YES;
				SDKROOT = iphoneos;
			};
			name = Debug;
		};
		6B2BBFA4211AC0A6002553BD /* Release */ = {
			isa = XCBuildConfiguration;
			buildSettings = {
				ALWAYS_SEARCH_USER_PATHS = NO;
				CLANG_ANALYZER_NONNULL = YES;
				CLANG_ANALYZER_NUMBER_OBJECT_CONVERSION = YES_AGGRESSIVE;
				CLANG_CXX_LANGUAGE_STANDARD = "gnu++14";
				CLANG_CXX_LIBRARY = "libc++";
				CLANG_ENABLE_MODULES = YES;
				CLANG_ENABLE_OBJC_ARC = YES;
				CLANG_ENABLE_OBJC_WEAK = YES;
				CLANG_WARN_BLOCK_CAPTURE_AUTORELEASING = YES;
				CLANG_WARN_BOOL_CONVERSION = YES;
				CLANG_WARN_COMMA = YES;
				CLANG_WARN_CONSTANT_CONVERSION = YES;
				CLANG_WARN_DEPRECATED_OBJC_IMPLEMENTATIONS = YES;
				CLANG_WARN_DIRECT_OBJC_ISA_USAGE = YES_ERROR;
				CLANG_WARN_DOCUMENTATION_COMMENTS = YES;
				CLANG_WARN_EMPTY_BODY = YES;
				CLANG_WARN_ENUM_CONVERSION = YES;
				CLANG_WARN_INFINITE_RECURSION = YES;
				CLANG_WARN_INT_CONVERSION = YES;
				CLANG_WARN_NON_LITERAL_NULL_CONVERSION = YES;
				CLANG_WARN_OBJC_IMPLICIT_RETAIN_SELF = YES;
				CLANG_WARN_OBJC_LITERAL_CONVERSION = YES;
				CLANG_WARN_OBJC_ROOT_CLASS = YES_ERROR;
				CLANG_WARN_RANGE_LOOP_ANALYSIS = YES;
				CLANG_WARN_STRICT_PROTOTYPES = YES;
				CLANG_WARN_SUSPICIOUS_MOVE = YES;
				CLANG_WARN_UNGUARDED_AVAILABILITY = YES_AGGRESSIVE;
				CLANG_WARN_UNREACHABLE_CODE = YES;
				CLANG_WARN__DUPLICATE_METHOD_MATCH = YES;
				CODE_SIGN_IDENTITY = "iPhone Developer";
				COPY_PHASE_STRIP = NO;
				DEBUG_INFORMATION_FORMAT = "dwarf-with-dsym";
				ENABLE_NS_ASSERTIONS = NO;
				ENABLE_STRICT_OBJC_MSGSEND = YES;
				GCC_C_LANGUAGE_STANDARD = gnu11;
				GCC_NO_COMMON_BLOCKS = YES;
				GCC_WARN_64_TO_32_BIT_CONVERSION = YES;
				GCC_WARN_ABOUT_RETURN_TYPE = YES_ERROR;
				GCC_WARN_UNDECLARED_SELECTOR = YES;
				GCC_WARN_UNINITIALIZED_AUTOS = YES_AGGRESSIVE;
				GCC_WARN_UNUSED_FUNCTION = YES;
				GCC_WARN_UNUSED_VARIABLE = YES;
				IPHONEOS_DEPLOYMENT_TARGET = 11.4;
				MTL_ENABLE_DEBUG_INFO = NO;
				SDKROOT = iphoneos;
				VALIDATE_PRODUCT = YES;
			};
			name = Release;
		};
		6B2BBFA6211AC0A6002553BD /* Debug */ = {
			isa = XCBuildConfiguration;
			buildSettings = {
				ASSETCATALOG_COMPILER_APPICON_NAME = AppIcon;
				CODE_SIGN_STYLE = Automatic;
				DEVELOPMENT_TEAM = HWY63NUUS4;
				INFOPLIST_FILE = HypnoNerd/Info.plist;
				LD_RUNPATH_SEARCH_PATHS = (
					"$(inherited)",
					"@executable_path/Frameworks",
				);
				PRODUCT_BUNDLE_IDENTIFIER = com.Personal.KJSTEST.HypnoNerd;
				PRODUCT_NAME = "$(TARGET_NAME)";
				TARGETED_DEVICE_FAMILY = "1,2";
			};
			name = Debug;
		};
		6B2BBFA7211AC0A6002553BD /* Release */ = {
			isa = XCBuildConfiguration;
			buildSettings = {
				ASSETCATALOG_COMPILER_APPICON_NAME = AppIcon;
				CODE_SIGN_STYLE = Automatic;
				DEVELOPMENT_TEAM = HWY63NUUS4;
				INFOPLIST_FILE = HypnoNerd/Info.plist;
				LD_RUNPATH_SEARCH_PATHS = (
					"$(inherited)",
					"@executable_path/Frameworks",
				);
				PRODUCT_BUNDLE_IDENTIFIER = com.Personal.KJSTEST.HypnoNerd;
				PRODUCT_NAME = "$(TARGET_NAME)";
				TARGETED_DEVICE_FAMILY = "1,2";
			};
			name = Release;
		};
/* End XCBuildConfiguration section */

/* Begin XCConfigurationList section */
		6B2BBF8A211AC0A4002553BD /* Build configuration list for PBXProject "HypnoNerd" */ = {
			isa = XCConfigurationList;
			buildConfigurations = (
				6B2BBFA3211AC0A6002553BD /* Debug */,
				6B2BBFA4211AC0A6002553BD /* Release */,
			);
			defaultConfigurationIsVisible = 0;
			defaultConfigurationName = Release;
		};
		6B2BBFA5211AC0A6002553BD /* Build configuration list for PBXNativeTarget "HypnoNerd" */ = {
			isa = XCConfigurationList;
			buildConfigurations = (
				6B2BBFA6211AC0A6002553BD /* Debug */,
				6B2BBFA7211AC0A6002553BD /* Release */,
			);
			defaultConfigurationIsVisible = 0;
			defaultConfigurationName = Release;
		};
/* End XCConfigurationList section */
	};
	rootObject = 6B2BBF87211AC0A4002553BD /* Project object */;
}
