// !$*UTF8*$!
{
	archiveVersion = 1;
	classes = {
	};
	objectVersion = 50;
	objects = {

/* Begin PBXBuildFile section */
		6BE724832119993F0015385A /* AppDelegate.m in Sources */ = {isa = PBXBuildFile; fileRef = 6BE724822119993F0015385A /* AppDelegate.m */; };
		6BE724862119993F0015385A /* ViewController.m in Sources */ = {isa = PBXBuildFile; fileRef = 6BE724852119993F0015385A /* ViewController.m */; };
		6BE724892119993F0015385A /* Main.storyboard in Resources */ = {isa = PBXBuildFile; fileRef = 6BE724872119993F0015385A /* Main.storyboard */; };
		6BE7248B211999410015385A /* Assets.xcassets in Resources */ = {isa = PBXBuildFile; fileRef = 6BE7248A211999410015385A /* Assets.xcassets */; };
		6BE7248E211999410015385A /* LaunchScreen.storyboard in Resources */ = {isa = PBXBuildFile; fileRef = 6BE7248C211999410015385A /* LaunchScreen.storyboard */; };
		6BE72491211999410015385A /* main.m in Sources */ = {isa = PBXBuildFile; fileRef = 6BE72490211999410015385A /* main.m */; };
		6BE72498211999CF0015385A /* Empty.xib in Resources */ = {isa = PBXBuildFile; fileRef = 6BE72497211999CF0015385A /* Empty.xib */; };
		6BE7249B21199A3A0015385A /* BNRHypnosisView.m in Sources */ = {isa = PBXBuildFile; fileRef = 6BE7249A21199A3A0015385A /* BNRHypnosisView.m */; };
/* End PBXBuildFile section */

/* Begin PBXFileReference section */
		6BE7247E2119993F0015385A /* Hypnositer.app */ = {isa = PBXFileReference; explicitFileType = wrapper.application; includeInIndex = 0; path = Hypnositer.app; sourceTree = BUILT_PRODUCTS_DIR; };
		6BE724812119993F0015385A /* AppDelegate.h */ = {isa = PBXFileReference; lastKnownFileType = sourcecode.c.h; path = AppDelegate.h; sourceTree = "<group>"; };
		6BE724822119993F0015385A /* AppDelegate.m */ = {isa = PBXFileReference; lastKnownFileType = sourcecode.c.objc; path = AppDelegate.m; sourceTree = "<group>"; };
		6BE724842119993F0015385A /* ViewController.h */ = {isa = PBXFileReference; lastKnownFileType = sourcecode.c.h; path = ViewController.h; sourceTree = "<group>"; };
		6BE724852119993F0015385A /* ViewController.m */ = {isa = PBXFileReference; lastKnownFileType = sourcecode.c.objc; path = ViewController.m; sourceTree = "<group>"; };
		6BE724882119993F0015385A /* Base */ = {isa = PBXFileReference; lastKnownFileType = file.storyboard; name = Base; path = Base.lproj/Main.storyboard; sourceTree = "<group>"; };
		6BE7248A211999410015385A /* Assets.xcassets */ = {isa = PBXFileReference; lastKnownFileType = folder.assetcatalog; path = Assets.xcassets; sourceTree = "<group>"; };
		6BE7248D211999410015385A /* Base */ = {isa = PBXFileReference; lastKnownFileType = file.storyboard; name = Base; path = Base.lproj/LaunchScreen.storyboard; sourceTree = "<group>"; };
		6BE7248F211999410015385A /* Info.plist */ = {isa = PBXFileReference; lastKnownFileType = text.plist.xml; path = Info.plist; sourceTree = "<group>"; };
		6BE72490211999410015385A /* main.m */ = {isa = PBXFileReference; lastKnownFileType = sourcecode.c.objc; path = main.m; sourceTree = "<group>"; };
		6BE72497211999CF0015385A /* Empty.xib */ = {isa = PBXFileReference; lastKnownFileType = file.xib; path = Empty.xib; sourceTree = "<group>"; };
		6BE7249921199A3A0015385A /* BNRHypnosisView.h */ = {isa = PBXFileReference; lastKnownFileType = sourcecode.c.h; path = BNRHypnosisView.h; sourceTree = "<group>"; };
		6BE7249A21199A3A0015385A /* BNRHypnosisView.m */ = {isa = PBXFileReference; lastKnownFileType = sourcecode.c.objc; path = BNRHypnosisView.m; sourceTree = "<group>"; };
/* End PBXFileReference section */

/* Begin PBXFrameworksBuildPhase section */
		6BE7247B2119993F0015385A /* Frameworks */ = {
			isa = PBXFrameworksBuildPhase;
			buildActionMask = 2147483647;
			files = (
			);
			runOnlyForDeploymentPostprocessing = 0;
		};
/* End PBXFrameworksBuildPhase section */

/* Begin PBXGroup section */
		6BE724752119993F0015385A = {
			isa = PBXGroup;
			children = (
				6BE72497211999CF0015385A /* Empty.xib */,
				6BE724802119993F0015385A /* Hypnositer */,
				6BE7247F2119993F0015385A /* Products */,
			);
			sourceTree = "<group>";
		};
		6BE7247F2119993F0015385A /* Products */ = {
			isa = PBXGroup;
			children = (
				6BE7247E2119993F0015385A /* Hypnositer.app */,
			);
			name = Products;
			sourceTree = "<group>";
		};
		6BE724802119993F0015385A /* Hypnositer */ = {
			isa = PBXGroup;
			children = (
				6BE724812119993F0015385A /* AppDelegate.h */,
				6BE724822119993F0015385A /* AppDelegate.m */,
				6BE724842119993F0015385A /* ViewController.h */,
				6BE724852119993F0015385A /* ViewController.m */,
				6BE7249921199A3A0015385A /* BNRHypnosisView.h */,
				6BE7249A21199A3A0015385A /* BNRHypnosisView.m */,
				6BE724872119993F0015385A /* Main.storyboard */,
				6BE7248A211999410015385A /* Assets.xcassets */,
				6BE7248C211999410015385A /* LaunchScreen.storyboard */,
				6BE7248F211999410015385A /* Info.plist */,
				6BE72490211999410015385A /* main.m */,
			);
			path = Hypnositer;
			sourceTree = "<group>";
		};
/* End PBXGroup section */

/* Begin PBXNativeTarget section */
		6BE7247D2119993F0015385A /* Hypnositer */ = {
			isa = PBXNativeTarget;
			buildConfigurationList = 6BE72494211999410015385A /* Build configuration list for PBXNativeTarget "Hypnositer" */;
			buildPhases = (
				6BE7247A2119993F0015385A /* Sources */,
				6BE7247B2119993F0015385A /* Frameworks */,
				6BE7247C2119993F0015385A /* Resources */,
			);
			buildRules = (
			);
			dependencies = (
			);
			name = Hypnositer;
			productName = Hypnositer;
			productReference = 6BE7247E2119993F0015385A /* Hypnositer.app */;
			productType = "com.apple.product-type.application";
		};
/* End PBXNativeTarget section */

/* Begin PBXProject section */
		6BE724762119993F0015385A /* Project object */ = {
			isa = PBXProject;
			attributes = {
				LastUpgradeCheck = 0940;
				ORGANIZATIONNAME = "김지섭";
				TargetAttributes = {
					6BE7247D2119993F0015385A = {
						CreatedOnToolsVersion = 9.4.1;
					};
				};
			};
			buildConfigurationList = 6BE724792119993F0015385A /* Build configuration list for PBXProject "Hypnositer" */;
			compatibilityVersion = "Xcode 9.3";
			developmentRegion = en;
			hasScannedForEncodings = 0;
			knownRegions = (
				en,
				Base,
			);
			mainGroup = 6BE724752119993F0015385A;
			productRefGroup = 6BE7247F2119993F0015385A /* Products */;
			projectDirPath = "";
			projectRoot = "";
			targets = (
				6BE7247D2119993F0015385A /* Hypnositer */,
			);
		};
/* End PBXProject section */

/* Begin PBXResourcesBuildPhase section */
		6BE7247C2119993F0015385A /* Resources */ = {
			isa = PBXResourcesBuildPhase;
			buildActionMask = 2147483647;
			files = (
				6BE7248E211999410015385A /* LaunchScreen.storyboard in Resources */,
				6BE72498211999CF0015385A /* Empty.xib in Resources */,
				6BE7248B211999410015385A /* Assets.xcassets in Resources */,
				6BE724892119993F0015385A /* Main.storyboard in Resources */,
			);
			runOnlyForDeploymentPostprocessing = 0;
		};
/* End PBXResourcesBuildPhase section */

/* Begin PBXSourcesBuildPhase section */
		6BE7247A2119993F0015385A /* Sources */ = {
			isa = PBXSourcesBuildPhase;
			buildActionMask = 2147483647;
			files = (
				6BE724862119993F0015385A /* ViewController.m in Sources */,
				6BE72491211999410015385A /* main.m in Sources */,
				6BE7249B21199A3A0015385A /* BNRHypnosisView.m in Sources */,
				6BE724832119993F0015385A /* AppDelegate.m in Sources */,
			);
			runOnlyForDeploymentPostprocessing = 0;
		};
/* End PBXSourcesBuildPhase section */

/* Begin PBXVariantGroup section */
		6BE724872119993F0015385A /* Main.storyboard */ = {
			isa = PBXVariantGroup;
			children = (
				6BE724882119993F0015385A /* Base */,
			);
			name = Main.storyboard;
			sourceTree = "<group>";
		};
		6BE7248C211999410015385A /* LaunchScreen.storyboard */ = {
			isa = PBXVariantGroup;
			children = (
				6BE7248D211999410015385A /* Base */,
			);
			name = LaunchScreen.storyboard;
			sourceTree = "<group>";
		};
/* End PBXVariantGroup section */

/* Begin XCBuildConfiguration section */
		6BE72492211999410015385A /* Debug */ = {
			isa = XCBuildConfiguration;
			buildSettings = {
				ALWAYS_SEARCH_USER_PATHS = NO;
				CLANG_ANALYZER_NONNULL = YES;
				CLANG_ANALYZER_NUMBER_OBJECT_CONVERSION = YES_AGGRESSIVE;
				CLANG_CXX_LANGUAGE_STANDARD = "gnu++14";
				CLANG_CXX_LIBRARY = "libc++";
				CLANG_ENABLE_MODULES = YES;
				CLANG_ENABLE_OBJC_ARC = YES;
				CLANG_ENABLE_OBJC_WEAK = YES;
				CLANG_WARN_BLOCK_CAPTURE_AUTORELEASING = YES;
				CLANG_WARN_BOOL_CONVERSION = YES;
				CLANG_WARN_COMMA = YES;
				CLANG_WARN_CONSTANT_CONVERSION = YES;
				CLANG_WARN_DEPRECATED_OBJC_IMPLEMENTATIONS = YES;
				CLANG_WARN_DIRECT_OBJC_ISA_USAGE = YES_ERROR;
				CLANG_WARN_DOCUMENTATION_COMMENTS = YES;
				CLANG_WARN_EMPTY_BODY = YES;
				CLANG_WARN_ENUM_CONVERSION = YES;
				CLANG_WARN_INFINITE_RECURSION = YES;
				CLANG_WARN_INT_CONVERSION = YES;
				CLANG_WARN_NON_LITERAL_NULL_CONVERSION = YES;
				CLANG_WARN_OBJC_IMPLICIT_RETAIN_SELF = YES;
				CLANG_WARN_OBJC_LITERAL_CONVERSION = YES;
				CLANG_WARN_OBJC_ROOT_CLASS = YES_ERROR;
				CLANG_WARN_RANGE_LOOP_ANALYSIS = YES;
				CLANG_WARN_STRICT_PROTOTYPES = YES;
				CLANG_WARN_SUSPICIOUS_MOVE = YES;
				CLANG_WARN_UNGUARDED_AVAILABILITY = YES_AGGRESSIVE;
				CLANG_WARN_UNREACHABLE_CODE = YES;
				CLANG_WARN__DUPLICATE_METHOD_MATCH = YES;
				CODE_SIGN_IDENTITY = "iPhone Developer";
				COPY_PHASE_STRIP = NO;
				DEBUG_INFORMATION_FORMAT = dwarf;
				ENABLE_STRICT_OBJC_MSGSEND = YES;
				ENABLE_TESTABILITY = YES;
				GCC_C_LANGUAGE_STANDARD = gnu11;
				GCC_DYNAMIC_NO_PIC = NO;
				GCC_NO_COMMON_BLOCKS = YES;
				GCC_OPTIMIZATION_LEVEL = 0;
				GCC_PREPROCESSOR_DEFINITIONS = (
					"DEBUG=1",
					"$(inherited)",
				);
				GCC_WARN_64_TO_32_BIT_CONVERSION = YES;
				GCC_WARN_ABOUT_RETURN_TYPE = YES_ERROR;
				GCC_WARN_UNDECLARED_SELECTOR = YES;
				GCC_WARN_UNINITIALIZED_AUTOS = YES_AGGRESSIVE;
				GCC_WARN_UNUSED_FUNCTION = YES;
				GCC_WARN_UNUSED_VARIABLE = YES;
				IPHONEOS_DEPLOYMENT_TARGET = 11.4;
				MTL_ENABLE_DEBUG_INFO = YES;
				ONLY_ACTIVE_ARCH = YES;
				SDKROOT = iphoneos;
			};
			name = Debug;
		};
		6BE72493211999410015385A /* Release */ = {
			isa = XCBuildConfiguration;
			buildSettings = {
				ALWAYS_SEARCH_USER_PATHS = NO;
				CLANG_ANALYZER_NONNULL = YES;
				CLANG_ANALYZER_NUMBER_OBJECT_CONVERSION = YES_AGGRESSIVE;
				CLANG_CXX_LANGUAGE_STANDARD = "gnu++14";
				CLANG_CXX_LIBRARY = "libc++";
				CLANG_ENABLE_MODULES = YES;
				CLANG_ENABLE_OBJC_ARC = YES;
				CLANG_ENABLE_OBJC_WEAK = YES;
				CLANG_WARN_BLOCK_CAPTURE_AUTORELEASING = YES;
				CLANG_WARN_BOOL_CONVERSION = YES;
				CLANG_WARN_COMMA = YES;
				CLANG_WARN_CONSTANT_CONVERSION = YES;
				CLANG_WARN_DEPRECATED_OBJC_IMPLEMENTATIONS = YES;
				CLANG_WARN_DIRECT_OBJC_ISA_USAGE = YES_ERROR;
				CLANG_WARN_DOCUMENTATION_COMMENTS = YES;
				CLANG_WARN_EMPTY_BODY = YES;
				CLANG_WARN_ENUM_CONVERSION = YES;
				CLANG_WARN_INFINITE_RECURSION = YES;
				CLANG_WARN_INT_CONVERSION = YES;
				CLANG_WARN_NON_LITERAL_NULL_CONVERSION = YES;
				CLANG_WARN_OBJC_IMPLICIT_RETAIN_SELF = YES;
				CLANG_WARN_OBJC_LITERAL_CONVERSION = YES;
				CLANG_WARN_OBJC_ROOT_CLASS = YES_ERROR;
				CLANG_WARN_RANGE_LOOP_ANALYSIS = YES;
				CLANG_WARN_STRICT_PROTOTYPES = YES;
				CLANG_WARN_SUSPICIOUS_MOVE = YES;
				CLANG_WARN_UNGUARDED_AVAILABILITY = YES_AGGRESSIVE;
				CLANG_WARN_UNREACHABLE_CODE = YES;
				CLANG_WARN__DUPLICATE_METHOD_MATCH = YES;
				CODE_SIGN_IDENTITY = "iPhone Developer";
				COPY_PHASE_STRIP = NO;
				DEBUG_INFORMATION_FORMAT = "dwarf-with-dsym";
				ENABLE_NS_ASSERTIONS = NO;
				ENABLE_STRICT_OBJC_MSGSEND = YES;
				GCC_C_LANGUAGE_STANDARD = gnu11;
				GCC_NO_COMMON_BLOCKS = YES;
				GCC_WARN_64_TO_32_BIT_CONVERSION = YES;
				GCC_WARN_ABOUT_RETURN_TYPE = YES_ERROR;
				GCC_WARN_UNDECLARED_SELECTOR = YES;
				GCC_WARN_UNINITIALIZED_AUTOS = YES_AGGRESSIVE;
				GCC_WARN_UNUSED_FUNCTION = YES;
				GCC_WARN_UNUSED_VARIABLE = YES;
				IPHONEOS_DEPLOYMENT_TARGET = 11.4;
				MTL_ENABLE_DEBUG_INFO = NO;
				SDKROOT = iphoneos;
				VALIDATE_PRODUCT = YES;
			};
			name = Release;
		};
		6BE72495211999410015385A /* Debug */ = {
			isa = XCBuildConfiguration;
			buildSettings = {
				ASSETCATALOG_COMPILER_APPICON_NAME = AppIcon;
				CODE_SIGN_STYLE = Automatic;
				DEVELOPMENT_TEAM = HWY63NUUS4;
				INFOPLIST_FILE = Hypnositer/Info.plist;
				LD_RUNPATH_SEARCH_PATHS = (
					"$(inherited)",
					"@executable_path/Frameworks",
				);
				PRODUCT_BUNDLE_IDENTIFIER = com.Personal.KJSTEST.Hypnositer;
				PRODUCT_NAME = "$(TARGET_NAME)";
				TARGETED_DEVICE_FAMILY = "1,2";
			};
			name = Debug;
		};
		6BE72496211999410015385A /* Release */ = {
			isa = XCBuildConfiguration;
			buildSettings = {
				ASSETCATALOG_COMPILER_APPICON_NAME = AppIcon;
				CODE_SIGN_STYLE = Automatic;
				DEVELOPMENT_TEAM = HWY63NUUS4;
				INFOPLIST_FILE = Hypnositer/Info.plist;
				LD_RUNPATH_SEARCH_PATHS = (
					"$(inherited)",
					"@executable_path/Frameworks",
				);
				PRODUCT_BUNDLE_IDENTIFIER = com.Personal.KJSTEST.Hypnositer;
				PRODUCT_NAME = "$(TARGET_NAME)";
				TARGETED_DEVICE_FAMILY = "1,2";
			};
			name = Release;
		};
/* End XCBuildConfiguration section */

/* Begin XCConfigurationList section */
		6BE724792119993F0015385A /* Build configuration list for PBXProject "Hypnositer" */ = {
			isa = XCConfigurationList;
			buildConfigurations = (
				6BE72492211999410015385A /* Debug */,
				6BE72493211999410015385A /* Release */,
			);
			defaultConfigurationIsVisible = 0;
			defaultConfigurationName = Release;
		};
		6BE72494211999410015385A /* Build configuration list for PBXNativeTarget "Hypnositer" */ = {
			isa = XCConfigurationList;
			buildConfigurations = (
				6BE72495211999410015385A /* Debug */,
				6BE72496211999410015385A /* Release */,
			);
			defaultConfigurationIsVisible = 0;
			defaultConfigurationName = Release;
		};
/* End XCConfigurationList section */
	};
	rootObject = 6BE724762119993F0015385A /* Project object */;
}
